
Microsoft Visual Studio Solution File, Format Version 12.00
# Visual Studio 15
VisualStudioVersion = 15.0.27130.2010
MinimumVisualStudioVersion = 10.0.40219.1
Project("{9A19103F-16F7-4668-BE54-9A1E7A4F7556}") = "Dist.Dme.Service", "Dist.Dme.Service\Dist.Dme.Service.csproj", "{998B2D82-CC6D-4970-BFF0-7DBDC01DB072}"
EndProject
Project("{9A19103F-16F7-4668-BE54-9A1E7A4F7556}") = "Dist.Dme.Base", "Dist.Dme.Base\Dist.Dme.Base.csproj", "{EF22C4AA-AEB6-4B78-8E2E-C28132E0BEEA}"
EndProject
Project("{9A19103F-16F7-4668-BE54-9A1E7A4F7556}") = "Dist.Dme.Model", "Dist.Dme.Model\Dist.Dme.Model.csproj", "{B4DB7EBA-AE86-4EE0-8E20-14D5673B9564}"
EndProject
Project("{9A19103F-16F7-4668-BE54-9A1E7A4F7556}") = "Dist.Dme.DAL", "Dist.Dme.DAL\Dist.Dme.DAL.csproj", "{BE23181B-735E-466D-A2DE-20440D4D3608}"
EndProject
Project("{9A19103F-16F7-4668-BE54-9A1E7A4F7556}") = "Dist.Dme.WebApi", "Dist.Dme.WebApi\Dist.Dme.WebApi.csproj", "{4F1665CF-5F29-4250-BA2B-A38F295EF11D}"
EndProject
Project("{9A19103F-16F7-4668-BE54-9A1E7A4F7556}") = "Dist.Dme.Algorithms.LandConflictDetection", "Dist.Dme.Algorithms\Dist.Dme.Algorithms.LandConflictDetection\Dist.Dme.Algorithms.LandConflictDetection.csproj", "{30B8986A-F6AF-4810-92E8-320DE17F88F3}"
EndProject
Project("{2150E333-8FDC-42A3-9474-1A3956D46DE8}") = "Dist.Dme.Algorithms", "Dist.Dme.Algorithms", "{2FAB1CE7-EC9D-435A-99EC-99766D9AFAE0}"
EndProject
Project("{9A19103F-16F7-4668-BE54-9A1E7A4F7556}") = "Dist.Dme.DisCache", "Dist.Dme.DisCache\Dist.Dme.DisCache.csproj", "{23BDDD67-DC15-4872-BD15-A3AFDC6EC855}"
EndProject
Project("{9A19103F-16F7-4668-BE54-9A1E7A4F7556}") = "Dist.Dme.DisFS", "Dist.Dme.DisFS\Dist.Dme.DisFS.csproj", "{5C68B32F-0609-4B43-BCE4-4B07C34BAE2D}"
EndProject
Project("{9A19103F-16F7-4668-BE54-9A1E7A4F7556}") = "Dist.Dme.RuleSteps", "Dist.Dme.RuleSteps\Dist.Dme.RuleSteps.csproj", "{AEA5EA29-A94F-43C8-9B9E-B60F29BA5889}"
EndProject
Project("{9A19103F-16F7-4668-BE54-9A1E7A4F7556}") = "Dist.Dme.SRCE", "Dist.Dme.SRCE\Dist.Dme.SRCE.csproj", "{4F55BB69-DF1B-409B-B660-046EBE18E250}"
EndProject
Project("{9A19103F-16F7-4668-BE54-9A1E7A4F7556}") = "Dist.Dme.HSMessage", "Dist.Dme.HSMessage\Dist.Dme.HSMessage.csproj", "{F269BC1D-7013-4D26-8FC1-63EB67267917}"
EndProject
Project("{9A19103F-16F7-4668-BE54-9A1E7A4F7556}") = "Dist.Dme.Algorithms.Overlay", "Dist.Dme.Algorithms\Dist.Dme.Algorithms.Overlay\Dist.Dme.Algorithms.Overlay.csproj", "{EE3C4EAC-AF77-4091-9B4A-0D1B7D556D5A}"
EndProject
Project("{9A19103F-16F7-4668-BE54-9A1E7A4F7556}") = "Dist.Dme.Extensions", "Dist.Dme.Extensions\Dist.Dme.Extensions.csproj", "{9F943ABF-5159-4DA9-9CC3-0450451FFFEA}"
EndProject
Global
	GlobalSection(SolutionConfigurationPlatforms) = preSolution
		Debug|Any CPU = Debug|Any CPU
		Debug|x86 = Debug|x86
		Release|Any CPU = Release|Any CPU
		Release|x86 = Release|x86
	EndGlobalSection
	GlobalSection(ProjectConfigurationPlatforms) = postSolution
		{998B2D82-CC6D-4970-BFF0-7DBDC01DB072}.Debug|Any CPU.ActiveCfg = Debug|Any CPU
		{998B2D82-CC6D-4970-BFF0-7DBDC01DB072}.Debug|Any CPU.Build.0 = Debug|Any CPU
		{998B2D82-CC6D-4970-BFF0-7DBDC01DB072}.Debug|x86.ActiveCfg = Debug|x86
		{998B2D82-CC6D-4970-BFF0-7DBDC01DB072}.Debug|x86.Build.0 = Debug|x86
		{998B2D82-CC6D-4970-BFF0-7DBDC01DB072}.Release|Any CPU.ActiveCfg = Release|Any CPU
		{998B2D82-CC6D-4970-BFF0-7DBDC01DB072}.Release|Any CPU.Build.0 = Release|Any CPU
		{998B2D82-CC6D-4970-BFF0-7DBDC01DB072}.Release|x86.ActiveCfg = Debug|Any CPU
		{998B2D82-CC6D-4970-BFF0-7DBDC01DB072}.Release|x86.Build.0 = Debug|Any CPU
		{EF22C4AA-AEB6-4B78-8E2E-C28132E0BEEA}.Debug|Any CPU.ActiveCfg = Debug|Any CPU
		{EF22C4AA-AEB6-4B78-8E2E-C28132E0BEEA}.Debug|Any CPU.Build.0 = Debug|Any CPU
		{EF22C4AA-AEB6-4B78-8E2E-C28132E0BEEA}.Debug|x86.ActiveCfg = Debug|x86
		{EF22C4AA-AEB6-4B78-8E2E-C28132E0BEEA}.Debug|x86.Build.0 = Debug|x86
		{EF22C4AA-AEB6-4B78-8E2E-C28132E0BEEA}.Release|Any CPU.ActiveCfg = Release|Any CPU
		{EF22C4AA-AEB6-4B78-8E2E-C28132E0BEEA}.Release|Any CPU.Build.0 = Release|Any CPU
		{EF22C4AA-AEB6-4B78-8E2E-C28132E0BEEA}.Release|x86.ActiveCfg = Debug|Any CPU
		{EF22C4AA-AEB6-4B78-8E2E-C28132E0BEEA}.Release|x86.Build.0 = Debug|Any CPU
		{B4DB7EBA-AE86-4EE0-8E20-14D5673B9564}.Debug|Any CPU.ActiveCfg = Debug|Any CPU
		{B4DB7EBA-AE86-4EE0-8E20-14D5673B9564}.Debug|Any CPU.Build.0 = Debug|Any CPU
		{B4DB7EBA-AE86-4EE0-8E20-14D5673B9564}.Debug|x86.ActiveCfg = Debug|x86
		{B4DB7EBA-AE86-4EE0-8E20-14D5673B9564}.Debug|x86.Build.0 = Debug|x86
		{B4DB7EBA-AE86-4EE0-8E20-14D5673B9564}.Release|Any CPU.ActiveCfg = Release|Any CPU
		{B4DB7EBA-AE86-4EE0-8E20-14D5673B9564}.Release|Any CPU.Build.0 = Release|Any CPU
		{B4DB7EBA-AE86-4EE0-8E20-14D5673B9564}.Release|x86.ActiveCfg = Debug|Any CPU
		{B4DB7EBA-AE86-4EE0-8E20-14D5673B9564}.Release|x86.Build.0 = Debug|Any CPU
		{BE23181B-735E-466D-A2DE-20440D4D3608}.Debug|Any CPU.ActiveCfg = Debug|Any CPU
		{BE23181B-735E-466D-A2DE-20440D4D3608}.Debug|Any CPU.Build.0 = Debug|Any CPU
		{BE23181B-735E-466D-A2DE-20440D4D3608}.Debug|x86.ActiveCfg = Debug|x86
		{BE23181B-735E-466D-A2DE-20440D4D3608}.Debug|x86.Build.0 = Debug|x86
		{BE23181B-735E-466D-A2DE-20440D4D3608}.Release|Any CPU.ActiveCfg = Release|Any CPU
		{BE23181B-735E-466D-A2DE-20440D4D3608}.Release|Any CPU.Build.0 = Release|Any CPU
		{BE23181B-735E-466D-A2DE-20440D4D3608}.Release|x86.ActiveCfg = Debug|Any CPU
		{BE23181B-735E-466D-A2DE-20440D4D3608}.Release|x86.Build.0 = Debug|Any CPU
		{4F1665CF-5F29-4250-BA2B-A38F295EF11D}.Debug|Any CPU.ActiveCfg = Debug|Any CPU
		{4F1665CF-5F29-4250-BA2B-A38F295EF11D}.Debug|Any CPU.Build.0 = Debug|Any CPU
		{4F1665CF-5F29-4250-BA2B-A38F295EF11D}.Debug|x86.ActiveCfg = Debug|x86
		{4F1665CF-5F29-4250-BA2B-A38F295EF11D}.Debug|x86.Build.0 = Debug|x86
		{4F1665CF-5F29-4250-BA2B-A38F295EF11D}.Release|Any CPU.ActiveCfg = Release|Any CPU
		{4F1665CF-5F29-4250-BA2B-A38F295EF11D}.Release|Any CPU.Build.0 = Release|Any CPU
		{4F1665CF-5F29-4250-BA2B-A38F295EF11D}.Release|x86.ActiveCfg = Debug|Any CPU
		{4F1665CF-5F29-4250-BA2B-A38F295EF11D}.Release|x86.Build.0 = Debug|Any CPU
		{30B8986A-F6AF-4810-92E8-320DE17F88F3}.Debug|Any CPU.ActiveCfg = Debug|Any CPU
		{30B8986A-F6AF-4810-92E8-320DE17F88F3}.Debug|Any CPU.Build.0 = Debug|Any CPU
		{30B8986A-F6AF-4810-92E8-320DE17F88F3}.Debug|x86.ActiveCfg = Debug|x86
		{30B8986A-F6AF-4810-92E8-320DE17F88F3}.Debug|x86.Build.0 = Debug|x86
		{30B8986A-F6AF-4810-92E8-320DE17F88F3}.Release|Any CPU.ActiveCfg = Release|Any CPU
		{30B8986A-F6AF-4810-92E8-320DE17F88F3}.Release|Any CPU.Build.0 = Release|Any CPU
		{30B8986A-F6AF-4810-92E8-320DE17F88F3}.Release|x86.ActiveCfg = Debug|Any CPU
		{30B8986A-F6AF-4810-92E8-320DE17F88F3}.Release|x86.Build.0 = Debug|Any CPU
		{23BDDD67-DC15-4872-BD15-A3AFDC6EC855}.Debug|Any CPU.ActiveCfg = Debug|Any CPU
		{23BDDD67-DC15-4872-BD15-A3AFDC6EC855}.Debug|Any CPU.Build.0 = Debug|Any CPU
		{23BDDD67-DC15-4872-BD15-A3AFDC6EC855}.Debug|x86.ActiveCfg = Debug|x86
		{23BDDD67-DC15-4872-BD15-A3AFDC6EC855}.Debug|x86.Build.0 = Debug|x86
		{23BDDD67-DC15-4872-BD15-A3AFDC6EC855}.Release|Any CPU.ActiveCfg = Release|Any CPU
		{23BDDD67-DC15-4872-BD15-A3AFDC6EC855}.Release|Any CPU.Build.0 = Release|Any CPU
		{23BDDD67-DC15-4872-BD15-A3AFDC6EC855}.Release|x86.ActiveCfg = Release|Any CPU
		{23BDDD67-DC15-4872-BD15-A3AFDC6EC855}.Release|x86.Build.0 = Release|Any CPU
		{5C68B32F-0609-4B43-BCE4-4B07C34BAE2D}.Debug|Any CPU.ActiveCfg = Debug|Any CPU
		{5C68B32F-0609-4B43-BCE4-4B07C34BAE2D}.Debug|Any CPU.Build.0 = Debug|Any CPU
		{5C68B32F-0609-4B43-BCE4-4B07C34BAE2D}.Debug|x86.ActiveCfg = Debug|x86
		{5C68B32F-0609-4B43-BCE4-4B07C34BAE2D}.Debug|x86.Build.0 = Debug|x86
		{5C68B32F-0609-4B43-BCE4-4B07C34BAE2D}.Release|Any CPU.ActiveCfg = Release|Any CPU
		{5C68B32F-0609-4B43-BCE4-4B07C34BAE2D}.Release|Any CPU.Build.0 = Release|Any CPU
		{5C68B32F-0609-4B43-BCE4-4B07C34BAE2D}.Release|x86.ActiveCfg = Release|Any CPU
		{5C68B32F-0609-4B43-BCE4-4B07C34BAE2D}.Release|x86.Build.0 = Release|Any CPU
		{AEA5EA29-A94F-43C8-9B9E-B60F29BA5889}.Debug|Any CPU.ActiveCfg = Debug|Any CPU
		{AEA5EA29-A94F-43C8-9B9E-B60F29BA5889}.Debug|Any CPU.Build.0 = Debug|Any CPU
		{AEA5EA29-A94F-43C8-9B9E-B60F29BA5889}.Debug|x86.ActiveCfg = Debug|x86
		{AEA5EA29-A94F-43C8-9B9E-B60F29BA5889}.Debug|x86.Build.0 = Debug|x86
		{AEA5EA29-A94F-43C8-9B9E-B60F29BA5889}.Release|Any CPU.ActiveCfg = Release|Any CPU
		{AEA5EA29-A94F-43C8-9B9E-B60F29BA5889}.Release|Any CPU.Build.0 = Release|Any CPU
		{AEA5EA29-A94F-43C8-9B9E-B60F29BA5889}.Release|x86.ActiveCfg = Release|Any CPU
		{AEA5EA29-A94F-43C8-9B9E-B60F29BA5889}.Release|x86.Build.0 = Release|Any CPU
		{4F55BB69-DF1B-409B-B660-046EBE18E250}.Debug|Any CPU.ActiveCfg = Debug|Any CPU
		{4F55BB69-DF1B-409B-B660-046EBE18E250}.Debug|Any CPU.Build.0 = Debug|Any CPU
		{4F55BB69-DF1B-409B-B660-046EBE18E250}.Debug|x86.ActiveCfg = Debug|x86
		{4F55BB69-DF1B-409B-B660-046EBE18E250}.Debug|x86.Build.0 = Debug|x86
		{4F55BB69-DF1B-409B-B660-046EBE18E250}.Release|Any CPU.ActiveCfg = Release|Any CPU
		{4F55BB69-DF1B-409B-B660-046EBE18E250}.Release|Any CPU.Build.0 = Release|Any CPU
		{4F55BB69-DF1B-409B-B660-046EBE18E250}.Release|x86.ActiveCfg = Release|Any CPU
		{4F55BB69-DF1B-409B-B660-046EBE18E250}.Release|x86.Build.0 = Release|Any CPU
		{F269BC1D-7013-4D26-8FC1-63EB67267917}.Debug|Any CPU.ActiveCfg = Debug|Any CPU
		{F269BC1D-7013-4D26-8FC1-63EB67267917}.Debug|Any CPU.Build.0 = Debug|Any CPU
		{F269BC1D-7013-4D26-8FC1-63EB67267917}.Debug|x86.ActiveCfg = Debug|x86
		{F269BC1D-7013-4D26-8FC1-63EB67267917}.Debug|x86.Build.0 = Debug|x86
		{F269BC1D-7013-4D26-8FC1-63EB67267917}.Release|Any CPU.ActiveCfg = Release|Any CPU
		{F269BC1D-7013-4D26-8FC1-63EB67267917}.Release|Any CPU.Build.0 = Release|Any CPU
		{F269BC1D-7013-4D26-8FC1-63EB67267917}.Release|x86.ActiveCfg = Release|Any CPU
		{F269BC1D-7013-4D26-8FC1-63EB67267917}.Release|x86.Build.0 = Release|Any CPU
		{EE3C4EAC-AF77-4091-9B4A-0D1B7D556D5A}.Debug|Any CPU.ActiveCfg = Debug|Any CPU
		{EE3C4EAC-AF77-4091-9B4A-0D1B7D556D5A}.Debug|Any CPU.Build.0 = Debug|Any CPU
		{EE3C4EAC-AF77-4091-9B4A-0D1B7D556D5A}.Debug|x86.ActiveCfg = Debug|x86
		{EE3C4EAC-AF77-4091-9B4A-0D1B7D556D5A}.Debug|x86.Build.0 = Debug|x86
		{EE3C4EAC-AF77-4091-9B4A-0D1B7D556D5A}.Release|Any CPU.ActiveCfg = Release|Any CPU
		{EE3C4EAC-AF77-4091-9B4A-0D1B7D556D5A}.Release|Any CPU.Build.0 = Release|Any CPU
		{EE3C4EAC-AF77-4091-9B4A-0D1B7D556D5A}.Release|x86.ActiveCfg = Release|Any CPU
		{EE3C4EAC-AF77-4091-9B4A-0D1B7D556D5A}.Release|x86.Build.0 = Release|Any CPU
		{9F943ABF-5159-4DA9-9CC3-0450451FFFEA}.Debug|Any CPU.ActiveCfg = Debug|Any CPU
		{9F943ABF-5159-4DA9-9CC3-0450451FFFEA}.Debug|Any CPU.Build.0 = Debug|Any CPU
		{9F943ABF-5159-4DA9-9CC3-0450451FFFEA}.Debug|x86.ActiveCfg = Debug|x86
		{9F943ABF-5159-4DA9-9CC3-0450451FFFEA}.Debug|x86.Build.0 = Debug|x86
		{9F943ABF-5159-4DA9-9CC3-0450451FFFEA}.Release|Any CPU.ActiveCfg = Release|Any CPU
		{9F943ABF-5159-4DA9-9CC3-0450451FFFEA}.Release|Any CPU.Build.0 = Release|Any CPU
		{9F943ABF-5159-4DA9-9CC3-0450451FFFEA}.Release|x86.ActiveCfg = Release|Any CPU
		{9F943ABF-5159-4DA9-9CC3-0450451FFFEA}.Release|x86.Build.0 = Release|Any CPU
	EndGlobalSection
	GlobalSection(SolutionProperties) = preSolution
		HideSolutionNode = FALSE
	EndGlobalSection
	GlobalSection(NestedProjects) = preSolution
		{30B8986A-F6AF-4810-92E8-320DE17F88F3} = {2FAB1CE7-EC9D-435A-99EC-99766D9AFAE0}
		{EE3C4EAC-AF77-4091-9B4A-0D1B7D556D5A} = {2FAB1CE7-EC9D-435A-99EC-99766D9AFAE0}
	EndGlobalSection
	GlobalSection(ExtensibilityGlobals) = postSolution
		SolutionGuid = {74C104BB-B82A-44E2-8A59-9738060EC10F}
	EndGlobalSection
EndGlobal
