
Microsoft Visual Studio Solution File, Format Version 12.00
# Visual Studio 15
VisualStudioVersion = 15.0.27004.2009
MinimumVisualStudioVersion = 10.0.40219.1
Project("{FAE04EC0-301F-11D3-BF4B-00C04F79EFBC}") = "SqlSugarDemo.Web", "SqlSugarDemo.Web\SqlSugarDemo.Web.csproj", "{8F6E17D8-0C05-4EA9-91ED-336B605C6BDA}"
EndProject
Project("{FAE04EC0-301F-11D3-BF4B-00C04F79EFBC}") = "SqlSugarDemo.Busines", "SqlSugarDemo.Busines\SqlSugarDemo.Busines.csproj", "{C571072E-7174-4439-ACDF-0FF007641DEB}"
EndProject
Global
	GlobalSection(SolutionConfigurationPlatforms) = preSolution
		Debug|Any CPU = Debug|Any CPU
		Release|Any CPU = Release|Any CPU
	EndGlobalSection
	GlobalSection(ProjectConfigurationPlatforms) = postSolution
		{8F6E17D8-0C05-4EA9-91ED-336B605C6BDA}.Debug|Any CPU.ActiveCfg = Debug|Any CPU
		{8F6E17D8-0C05-4EA9-91ED-336B605C6BDA}.Debug|Any CPU.Build.0 = Debug|Any CPU
		{8F6E17D8-0C05-4EA9-91ED-336B605C6BDA}.Release|Any CPU.ActiveCfg = Release|Any CPU
		{8F6E17D8-0C05-4EA9-91ED-336B605C6BDA}.Release|Any CPU.Build.0 = Release|Any CPU
		{C571072E-7174-4439-ACDF-0FF007641DEB}.Debug|Any CPU.ActiveCfg = Debug|Any CPU
		{C571072E-7174-4439-ACDF-0FF007641DEB}.Debug|Any CPU.Build.0 = Debug|Any CPU
		{C571072E-7174-4439-ACDF-0FF007641DEB}.Release|Any CPU.ActiveCfg = Release|Any CPU
		{C571072E-7174-4439-ACDF-0FF007641DEB}.Release|Any CPU.Build.0 = Release|Any CPU
	EndGlobalSection
	GlobalSection(SolutionProperties) = preSolution
		HideSolutionNode = FALSE
	EndGlobalSection
	GlobalSection(ExtensibilityGlobals) = postSolution
		SolutionGuid = {E8522C2F-89B1-4441-AD99-DCCA8831C154}
	EndGlobalSection
EndGlobal
